# Code generated by scarb DO NOT EDIT.
version = 1

[[package]]
name = "openzeppelin_access"
version = "0.20.0"
source = "git+https://github.com/OpenZeppelin/cairo-contracts.git?tag=v0.20.0#7756fd1de2b4ebd239fa6e372d75535cea02e5e5"
dependencies = [
 "openzeppelin_introspection",
]

[[package]]
name = "openzeppelin_account"
version = "0.20.0"
source = "git+https://github.com/OpenZeppelin/cairo-contracts.git?tag=v0.20.0#7756fd1de2b4ebd239fa6e372d75535cea02e5e5"
dependencies = [
 "openzeppelin_introspection",
 "openzeppelin_utils",
]

[[package]]
name = "openzeppelin_introspection"
version = "0.20.0"
source = "git+https://github.com/OpenZeppelin/cairo-contracts.git?tag=v0.20.0#7756fd1de2b4ebd239fa6e372d75535cea02e5e5"

[[package]]
name = "openzeppelin_security"
version = "0.20.0"
source = "git+https://github.com/OpenZeppelin/cairo-contracts.git?tag=v0.20.0#7756fd1de2b4ebd239fa6e372d75535cea02e5e5"

[[package]]
name = "openzeppelin_token"
version = "0.20.0"
source = "git+https://github.com/OpenZeppelin/cairo-contracts.git?tag=v0.20.0#7756fd1de2b4ebd239fa6e372d75535cea02e5e5"
dependencies = [
 "openzeppelin_access",
 "openzeppelin_account",
 "openzeppelin_introspection",
 "openzeppelin_utils",
]

[[package]]
name = "openzeppelin_utils"
version = "0.20.0"
source = "git+https://github.com/OpenZeppelin/cairo-contracts.git?tag=v0.20.0#7756fd1de2b4ebd239fa6e372d75535cea02e5e5"

[[package]]
name = "snforge_scarb_plugin"
version = "0.57.0"
source = "registry+https://scarbs.xyz/"
checksum = "sha256:e2f638625b0dc1d9e4b413bd463db6c3e44809cff7aeeb55459c71df877f679f"

[[package]]
name = "snforge_std"
version = "0.57.0"
source = "registry+https://scarbs.xyz/"
checksum = "sha256:ad59592257cbb26771c2a17fc487661e77714cc6677a044a79388cfa08e92da8"
dependencies = [
 "snforge_scarb_plugin",
]

[[package]]
name = "starkprivacy"
version = "0.1.0"
dependencies = [
 "snforge_std",
 "starkprivacy_bridge",
 "starkprivacy_circuits",
 "starkprivacy_compliance",
 "starkprivacy_nullifier",
 "starkprivacy_pool",
 "starkprivacy_primitives",
 "starkprivacy_security",
 "starkprivacy_stealth",
 "starkprivacy_tree",
]

[[package]]
name = "starkprivacy_bridge"
version = "0.1.0"
dependencies = [
 "snforge_std",
 "starkprivacy_nullifier",
 "starkprivacy_primitives",
]

[[package]]
name = "starkprivacy_circuits"
version = "0.1.0"
dependencies = [
 "snforge_std",
 "starkprivacy_primitives",
 "starkprivacy_tree",
]

[[package]]
name = "starkprivacy_compliance"
version = "0.1.0"
dependencies = [
 "snforge_std",
 "starkprivacy_primitives",
]

[[package]]
name = "starkprivacy_nullifier"
version = "0.1.0"
dependencies = [
 "snforge_std",
 "starkprivacy_primitives",
]

[[package]]
name = "starkprivacy_pool"
version = "0.1.0"
dependencies = [
 "openzeppelin_access",
 "openzeppelin_security",
 "openzeppelin_token",
 "snforge_std",
 "starkprivacy_circuits",
 "starkprivacy_compliance",
 "starkprivacy_nullifier",
 "starkprivacy_primitives",
 "starkprivacy_security",
 "starkprivacy_tree",
]

[[package]]
name = "starkprivacy_primitives"
version = "0.1.0"
dependencies = [
 "snforge_std",
]

[[package]]
name = "starkprivacy_security"
version = "0.1.0"
dependencies = [
 "snforge_std",
]

[[package]]
name = "starkprivacy_stealth"
version = "0.1.0"
dependencies = [
 "snforge_std",
 "starkprivacy_primitives",
]

[[package]]
name = "starkprivacy_tree"
version = "0.1.0"
dependencies = [
 "snforge_std",
 "starkprivacy_primitives",
]
